
Microsoft Visual Studio Solution File, Format Version 12.00
# Visual Studio Version 16
VisualStudioVersion = 16.0.31410.357
MinimumVisualStudioVersion = 10.0.40219.1
Project("{FAE04EC0-301F-11D3-BF4B-00C04F79EFBC}") = "unitTest", "unitTest\unitTest.csproj", "{1BE7E0D9-7AB2-47D9-A3E2-93E6F8745C0A}"
EndProject
Project("{FAE04EC0-301F-11D3-BF4B-00C04F79EFBC}") = "UnitTestDefault", "UnitTestDefault\UnitTestDefault.csproj", "{6B98242B-8117-4DD6-999F-98887DAFCD8B}"
EndProject
Project("{FAE04EC0-301F-11D3-BF4B-00C04F79EFBC}") = "NUnitTest", "NUnitTest\NUnitTest.csproj", "{42C7DD0E-8A7F-4BEB-B770-C94571717118}"
EndProject
Global
	GlobalSection(SolutionConfigurationPlatforms) = preSolution
		Debug|Any CPU = Debug|Any CPU
		Release|Any CPU = Release|Any CPU
	EndGlobalSection
	GlobalSection(ProjectConfigurationPlatforms) = postSolution
		{1BE7E0D9-7AB2-47D9-A3E2-93E6F8745C0A}.Debug|Any CPU.ActiveCfg = Debug|Any CPU
		{1BE7E0D9-7AB2-47D9-A3E2-93E6F8745C0A}.Debug|Any CPU.Build.0 = Debug|Any CPU
		{1BE7E0D9-7AB2-47D9-A3E2-93E6F8745C0A}.Release|Any CPU.ActiveCfg = Release|Any CPU
		{1BE7E0D9-7AB2-47D9-A3E2-93E6F8745C0A}.Release|Any CPU.Build.0 = Release|Any CPU
		{6B98242B-8117-4DD6-999F-98887DAFCD8B}.Debug|Any CPU.ActiveCfg = Debug|Any CPU
		{6B98242B-8117-4DD6-999F-98887DAFCD8B}.Debug|Any CPU.Build.0 = Debug|Any CPU
		{6B98242B-8117-4DD6-999F-98887DAFCD8B}.Release|Any CPU.ActiveCfg = Release|Any CPU
		{6B98242B-8117-4DD6-999F-98887DAFCD8B}.Release|Any CPU.Build.0 = Release|Any CPU
		{42C7DD0E-8A7F-4BEB-B770-C94571717118}.Debug|Any CPU.ActiveCfg = Debug|Any CPU
		{42C7DD0E-8A7F-4BEB-B770-C94571717118}.Debug|Any CPU.Build.0 = Debug|Any CPU
		{42C7DD0E-8A7F-4BEB-B770-C94571717118}.Release|Any CPU.ActiveCfg = Release|Any CPU
		{42C7DD0E-8A7F-4BEB-B770-C94571717118}.Release|Any CPU.Build.0 = Release|Any CPU
	EndGlobalSection
	GlobalSection(SolutionProperties) = preSolution
		HideSolutionNode = FALSE
	EndGlobalSection
	GlobalSection(ExtensibilityGlobals) = postSolution
		SolutionGuid = {1608ABED-CC70-4EE5-BB69-93F62FBCA284}
	EndGlobalSection
EndGlobal
